// !$*UTF8*$!
{
	archiveVersion = 1;
	classes = {
	};
	objectVersion = 46;
	objects = {

/* Begin PBXBuildFile section */
		E216700D1E7EE30400EB9E1E /* BookDetailTableViewCell.swift in Sources */ = {isa = PBXBuildFile; fileRef = E216700C1E7EE30400EB9E1E /* BookDetailTableViewCell.swift */; };
		E216700F1E7EE35600EB9E1E /* BookDetailCoverTableViewCell.swift in Sources */ = {isa = PBXBuildFile; fileRef = E216700E1E7EE35600EB9E1E /* BookDetailCoverTableViewCell.swift */; };
		E21EDBA51E7EDC8D003EFD2E /* BookDetailTableViewController.swift in Sources */ = {isa = PBXBuildFile; fileRef = E21EDBA41E7EDC8D003EFD2E /* BookDetailTableViewController.swift */; };
		E24B10AC1E7975DE008FF55B /* AppDelegate.swift in Sources */ = {isa = PBXBuildFile; fileRef = E24B10AB1E7975DE008FF55B /* AppDelegate.swift */; };
		E24B10AE1E7975DE008FF55B /* BookSearchViewController.swift in Sources */ = {isa = PBXBuildFile; fileRef = E24B10AD1E7975DE008FF55B /* BookSearchViewController.swift */; };
		E24B10B11E7975DE008FF55B /* Main.storyboard in Resources */ = {isa = PBXBuildFile; fileRef = E24B10AF1E7975DE008FF55B /* Main.storyboard */; };
		E24B10B31E7975DE008FF55B /* Assets.xcassets in Resources */ = {isa = PBXBuildFile; fileRef = E24B10B21E7975DE008FF55B /* Assets.xcassets */; };
		E24B10B61E7975DE008FF55B /* LaunchScreen.storyboard in Resources */ = {isa = PBXBuildFile; fileRef = E24B10B41E7975DE008FF55B /* LaunchScreen.storyboard */; };
		E24B10C01E79776B008FF55B /* GoogleBooksAPIKey.swift in Sources */ = {isa = PBXBuildFile; fileRef = E24B10BE1E79776B008FF55B /* GoogleBooksAPIKey.swift */; };
		E24B10C11E79776B008FF55B /* GoogleBooksConstants.swift in Sources */ = {isa = PBXBuildFile; fileRef = E24B10BF1E79776B008FF55B /* GoogleBooksConstants.swift */; };
		E24B10C31E79778C008FF55B /* GoogleBooksAPI.swift in Sources */ = {isa = PBXBuildFile; fileRef = E24B10C21E79778C008FF55B /* GoogleBooksAPI.swift */; };
		E24B10C71E798992008FF55B /* Book.swift in Sources */ = {isa = PBXBuildFile; fileRef = E24B10C61E798992008FF55B /* Book.swift */; };
		E24B10C91E7AF821008FF55B /* BookOverviewTableViewCell.swift in Sources */ = {isa = PBXBuildFile; fileRef = E24B10C81E7AF821008FF55B /* BookOverviewTableViewCell.swift */; };
		E2DE33181E7FE8F000975479 /* BookCaseUITests.swift in Sources */ = {isa = PBXBuildFile; fileRef = E2DE33171E7FE8F000975479 /* BookCaseUITests.swift */; };
/* End PBXBuildFile section */

/* Begin PBXContainerItemProxy section */
		E2DE331A1E7FE8F000975479 /* PBXContainerItemProxy */ = {
			isa = PBXContainerItemProxy;
			containerPortal = E24B10A01E7975DE008FF55B /* Project object */;
			proxyType = 1;
			remoteGlobalIDString = E24B10A71E7975DE008FF55B;
			remoteInfo = BookCase;
		};
/* End PBXContainerItemProxy section */

/* Begin PBXFileReference section */
		E216700C1E7EE30400EB9E1E /* BookDetailTableViewCell.swift */ = {isa = PBXFileReference; fileEncoding = 4; lastKnownFileType = sourcecode.swift; path = BookDetailTableViewCell.swift; sourceTree = "<group>"; };
		E216700E1E7EE35600EB9E1E /* BookDetailCoverTableViewCell.swift */ = {isa = PBXFileReference; fileEncoding = 4; lastKnownFileType = sourcecode.swift; path = BookDetailCoverTableViewCell.swift; sourceTree = "<group>"; };
		E21EDBA41E7EDC8D003EFD2E /* BookDetailTableViewController.swift */ = {isa = PBXFileReference; fileEncoding = 4; lastKnownFileType = sourcecode.swift; path = BookDetailTableViewController.swift; sourceTree = "<group>"; };
		E24B10A81E7975DE008FF55B /* BookCase.app */ = {isa = PBXFileReference; explicitFileType = wrapper.application; includeInIndex = 0; path = BookCase.app; sourceTree = BUILT_PRODUCTS_DIR; };
		E24B10AB1E7975DE008FF55B /* AppDelegate.swift */ = {isa = PBXFileReference; lastKnownFileType = sourcecode.swift; path = AppDelegate.swift; sourceTree = "<group>"; };
		E24B10AD1E7975DE008FF55B /* BookSearchViewController.swift */ = {isa = PBXFileReference; lastKnownFileType = sourcecode.swift; path = BookSearchViewController.swift; sourceTree = "<group>"; };
		E24B10B01E7975DE008FF55B /* Base */ = {isa = PBXFileReference; lastKnownFileType = file.storyboard; name = Base; path = Base.lproj/Main.storyboard; sourceTree = "<group>"; };
		E24B10B21E7975DE008FF55B /* Assets.xcassets */ = {isa = PBXFileReference; lastKnownFileType = folder.assetcatalog; path = Assets.xcassets; sourceTree = "<group>"; };
		E24B10B51E7975DE008FF55B /* Base */ = {isa = PBXFileReference; lastKnownFileType = file.storyboard; name = Base; path = Base.lproj/LaunchScreen.storyboard; sourceTree = "<group>"; };
		E24B10B71E7975DE008FF55B /* Info.plist */ = {isa = PBXFileReference; lastKnownFileType = text.plist.xml; path = Info.plist; sourceTree = "<group>"; };
		E24B10BE1E79776B008FF55B /* GoogleBooksAPIKey.swift */ = {isa = PBXFileReference; fileEncoding = 4; lastKnownFileType = sourcecode.swift; path = GoogleBooksAPIKey.swift; sourceTree = "<group>"; };
		E24B10BF1E79776B008FF55B /* GoogleBooksConstants.swift */ = {isa = PBXFileReference; fileEncoding = 4; lastKnownFileType = sourcecode.swift; path = GoogleBooksConstants.swift; sourceTree = "<group>"; };
		E24B10C21E79778C008FF55B /* GoogleBooksAPI.swift */ = {isa = PBXFileReference; fileEncoding = 4; lastKnownFileType = sourcecode.swift; path = GoogleBooksAPI.swift; sourceTree = "<group>"; };
		E24B10C61E798992008FF55B /* Book.swift */ = {isa = PBXFileReference; fileEncoding = 4; lastKnownFileType = sourcecode.swift; path = Book.swift; sourceTree = "<group>"; };
		E24B10C81E7AF821008FF55B /* BookOverviewTableViewCell.swift */ = {isa = PBXFileReference; fileEncoding = 4; lastKnownFileType = sourcecode.swift; path = BookOverviewTableViewCell.swift; sourceTree = "<group>"; };
		E2DE33151E7FE8F000975479 /* BookCaseUITests.xctest */ = {isa = PBXFileReference; explicitFileType = wrapper.cfbundle; includeInIndex = 0; path = BookCaseUITests.xctest; sourceTree = BUILT_PRODUCTS_DIR; };
		E2DE33171E7FE8F000975479 /* BookCaseUITests.swift */ = {isa = PBXFileReference; lastKnownFileType = sourcecode.swift; path = BookCaseUITests.swift; sourceTree = "<group>"; };
		E2DE33191E7FE8F000975479 /* Info.plist */ = {isa = PBXFileReference; lastKnownFileType = text.plist.xml; path = Info.plist; sourceTree = "<group>"; };
/* End PBXFileReference section */

/* Begin PBXFrameworksBuildPhase section */
		E24B10A51E7975DE008FF55B /* Frameworks */ = {
			isa = PBXFrameworksBuildPhase;
			buildActionMask = 2147483647;
			files = (
			);
			runOnlyForDeploymentPostprocessing = 0;
		};
		E2DE33121E7FE8F000975479 /* Frameworks */ = {
			isa = PBXFrameworksBuildPhase;
			buildActionMask = 2147483647;
			files = (
			);
			runOnlyForDeploymentPostprocessing = 0;
		};
/* End PBXFrameworksBuildPhase section */

/* Begin PBXGroup section */
		E24B109F1E7975DE008FF55B = {
			isa = PBXGroup;
			children = (
				E24B10AA1E7975DE008FF55B /* BookCase */,
				E2DE33161E7FE8F000975479 /* BookCaseUITests */,
				E24B10A91E7975DE008FF55B /* Products */,
			);
			sourceTree = "<group>";
		};
		E24B10A91E7975DE008FF55B /* Products */ = {
			isa = PBXGroup;
			children = (
				E24B10A81E7975DE008FF55B /* BookCase.app */,
				E2DE33151E7FE8F000975479 /* BookCaseUITests.xctest */,
			);
			name = Products;
			sourceTree = "<group>";
		};
		E24B10AA1E7975DE008FF55B /* BookCase */ = {
			isa = PBXGroup;
			children = (
				E24B10AB1E7975DE008FF55B /* AppDelegate.swift */,
				E24B10BD1E79773A008FF55B /* NetworkAPI */,
				E24B10C51E79824E008FF55B /* Model */,
				E24B10C41E79820F008FF55B /* ViewController */,
				E24B10AF1E7975DE008FF55B /* Main.storyboard */,
				E24B10B21E7975DE008FF55B /* Assets.xcassets */,
				E24B10B41E7975DE008FF55B /* LaunchScreen.storyboard */,
				E24B10B71E7975DE008FF55B /* Info.plist */,
			);
			path = BookCase;
			sourceTree = "<group>";
		};
		E24B10BD1E79773A008FF55B /* NetworkAPI */ = {
			isa = PBXGroup;
			children = (
				E24B10C21E79778C008FF55B /* GoogleBooksAPI.swift */,
				E24B10BE1E79776B008FF55B /* GoogleBooksAPIKey.swift */,
				E24B10BF1E79776B008FF55B /* GoogleBooksConstants.swift */,
			);
			name = NetworkAPI;
			sourceTree = "<group>";
		};
		E24B10C41E79820F008FF55B /* ViewController */ = {
			isa = PBXGroup;
			children = (
				E24B10AD1E7975DE008FF55B /* BookSearchViewController.swift */,
				E24B10C81E7AF821008FF55B /* BookOverviewTableViewCell.swift */,
				E21EDBA41E7EDC8D003EFD2E /* BookDetailTableViewController.swift */,
				E216700C1E7EE30400EB9E1E /* BookDetailTableViewCell.swift */,
				E216700E1E7EE35600EB9E1E /* BookDetailCoverTableViewCell.swift */,
			);
			name = ViewController;
			sourceTree = "<group>";
		};
		E24B10C51E79824E008FF55B /* Model */ = {
			isa = PBXGroup;
			children = (
				E24B10C61E798992008FF55B /* Book.swift */,
			);
			name = Model;
			sourceTree = "<group>";
		};
		E2DE33161E7FE8F000975479 /* BookCaseUITests */ = {
			isa = PBXGroup;
			children = (
				E2DE33171E7FE8F000975479 /* BookCaseUITests.swift */,
				E2DE33191E7FE8F000975479 /* Info.plist */,
			);
			path = BookCaseUITests;
			sourceTree = "<group>";
		};
/* End PBXGroup section */

/* Begin PBXNativeTarget section */
		E24B10A71E7975DE008FF55B /* BookCase */ = {
			isa = PBXNativeTarget;
			buildConfigurationList = E24B10BA1E7975DE008FF55B /* Build configuration list for PBXNativeTarget "BookCase" */;
			buildPhases = (
				E24B10A41E7975DE008FF55B /* Sources */,
				E24B10A51E7975DE008FF55B /* Frameworks */,
				E24B10A61E7975DE008FF55B /* Resources */,
			);
			buildRules = (
			);
			dependencies = (
			);
			name = BookCase;
			productName = BookCase;
			productReference = E24B10A81E7975DE008FF55B /* BookCase.app */;
			productType = "com.apple.product-type.application";
		};
		E2DE33141E7FE8F000975479 /* BookCaseUITests */ = {
			isa = PBXNativeTarget;
			buildConfigurationList = E2DE331E1E7FE8F000975479 /* Build configuration list for PBXNativeTarget "BookCaseUITests" */;
			buildPhases = (
				E2DE33111E7FE8F000975479 /* Sources */,
				E2DE33121E7FE8F000975479 /* Frameworks */,
				E2DE33131E7FE8F000975479 /* Resources */,
			);
			buildRules = (
			);
			dependencies = (
				E2DE331B1E7FE8F000975479 /* PBXTargetDependency */,
			);
			name = BookCaseUITests;
			productName = BookCaseUITests;
			productReference = E2DE33151E7FE8F000975479 /* BookCaseUITests.xctest */;
			productType = "com.apple.product-type.bundle.ui-testing";
		};
/* End PBXNativeTarget section */

/* Begin PBXProject section */
		E24B10A01E7975DE008FF55B /* Project object */ = {
			isa = PBXProject;
			attributes = {
				LastSwiftUpdateCheck = 0820;
				LastUpgradeCheck = 0820;
				ORGANIZATIONNAME = stufengrau;
				TargetAttributes = {
					E24B10A71E7975DE008FF55B = {
						CreatedOnToolsVersion = 8.2.1;
						DevelopmentTeam = WU53AL59B9;
						ProvisioningStyle = Automatic;
					};
					E2DE33141E7FE8F000975479 = {
						CreatedOnToolsVersion = 8.2.1;
						DevelopmentTeam = WU53AL59B9;
						ProvisioningStyle = Automatic;
						TestTargetID = E24B10A71E7975DE008FF55B;
					};
				};
			};
			buildConfigurationList = E24B10A31E7975DE008FF55B /* Build configuration list for PBXProject "BookCase" */;
			compatibilityVersion = "Xcode 3.2";
			developmentRegion = English;
			hasScannedForEncodings = 0;
			knownRegions = (
				en,
				Base,
			);
			mainGroup = E24B109F1E7975DE008FF55B;
			productRefGroup = E24B10A91E7975DE008FF55B /* Products */;
			projectDirPath = "";
			projectRoot = "";
			targets = (
				E24B10A71E7975DE008FF55B /* BookCase */,
				E2DE33141E7FE8F000975479 /* BookCaseUITests */,
			);
		};
/* End PBXProject section */

/* Begin PBXResourcesBuildPhase section */
		E24B10A61E7975DE008FF55B /* Resources */ = {
			isa = PBXResourcesBuildPhase;
			buildActionMask = 2147483647;
			files = (
				E24B10B61E7975DE008FF55B /* LaunchScreen.storyboard in Resources */,
				E24B10B31E7975DE008FF55B /* Assets.xcassets in Resources */,
				E24B10B11E7975DE008FF55B /* Main.storyboard in Resources */,
			);
			runOnlyForDeploymentPostprocessing = 0;
		};
		E2DE33131E7FE8F000975479 /* Resources */ = {
			isa = PBXResourcesBuildPhase;
			buildActionMask = 2147483647;
			files = (
			);
			runOnlyForDeploymentPostprocessing = 0;
		};
/* End PBXResourcesBuildPhase section */

/* Begin PBXSourcesBuildPhase section */
		E24B10A41E7975DE008FF55B /* Sources */ = {
			isa = PBXSourcesBuildPhase;
			buildActionMask = 2147483647;
			files = (
				E24B10AE1E7975DE008FF55B /* BookSearchViewController.swift in Sources */,
				E24B10C91E7AF821008FF55B /* BookOverviewTableViewCell.swift in Sources */,
				E24B10C11E79776B008FF55B /* GoogleBooksConstants.swift in Sources */,
				E216700F1E7EE35600EB9E1E /* BookDetailCoverTableViewCell.swift in Sources */,
				E21EDBA51E7EDC8D003EFD2E /* BookDetailTableViewController.swift in Sources */,
				E216700D1E7EE30400EB9E1E /* BookDetailTableViewCell.swift in Sources */,
				E24B10C71E798992008FF55B /* Book.swift in Sources */,
				E24B10C01E79776B008FF55B /* GoogleBooksAPIKey.swift in Sources */,
				E24B10AC1E7975DE008FF55B /* AppDelegate.swift in Sources */,
				E24B10C31E79778C008FF55B /* GoogleBooksAPI.swift in Sources */,
			);
			runOnlyForDeploymentPostprocessing = 0;
		};
		E2DE33111E7FE8F000975479 /* Sources */ = {
			isa = PBXSourcesBuildPhase;
			buildActionMask = 2147483647;
			files = (
				E2DE33181E7FE8F000975479 /* BookCaseUITests.swift in Sources */,
			);
			runOnlyForDeploymentPostprocessing = 0;
		};
/* End PBXSourcesBuildPhase section */

/* Begin PBXTargetDependency section */
		E2DE331B1E7FE8F000975479 /* PBXTargetDependency */ = {
			isa = PBXTargetDependency;
			target = E24B10A71E7975DE008FF55B /* BookCase */;
			targetProxy = E2DE331A1E7FE8F000975479 /* PBXContainerItemProxy */;
		};
/* End PBXTargetDependency section */

/* Begin PBXVariantGroup section */
		E24B10AF1E7975DE008FF55B /* Main.storyboard */ = {
			isa = PBXVariantGroup;
			children = (
				E24B10B01E7975DE008FF55B /* Base */,
			);
			name = Main.storyboard;
			sourceTree = "<group>";
		};
		E24B10B41E7975DE008FF55B /* LaunchScreen.storyboard */ = {
			isa = PBXVariantGroup;
			children = (
				E24B10B51E7975DE008FF55B /* Base */,
			);
			name = LaunchScreen.storyboard;
			sourceTree = "<group>";
		};
/* End PBXVariantGroup section */

/* Begin XCBuildConfiguration section */
		E24B10B81E7975DE008FF55B /* Debug */ = {
			isa = XCBuildConfiguration;
			buildSettings = {
				ALWAYS_SEARCH_USER_PATHS = NO;
				CLANG_ANALYZER_NONNULL = YES;
				CLANG_CXX_LANGUAGE_STANDARD = "gnu++0x";
				CLANG_CXX_LIBRARY = "libc++";
				CLANG_ENABLE_MODULES = YES;
				CLANG_ENABLE_OBJC_ARC = YES;
				CLANG_WARN_BOOL_CONVERSION = YES;
				CLANG_WARN_CONSTANT_CONVERSION = YES;
				CLANG_WARN_DIRECT_OBJC_ISA_USAGE = YES_ERROR;
				CLANG_WARN_DOCUMENTATION_COMMENTS = YES;
				CLANG_WARN_EMPTY_BODY = YES;
				CLANG_WARN_ENUM_CONVERSION = YES;
				CLANG_WARN_INFINITE_RECURSION = YES;
				CLANG_WARN_INT_CONVERSION = YES;
				CLANG_WARN_OBJC_ROOT_CLASS = YES_ERROR;
				CLANG_WARN_SUSPICIOUS_MOVE = YES;
				CLANG_WARN_UNREACHABLE_CODE = YES;
				CLANG_WARN__DUPLICATE_METHOD_MATCH = YES;
				"CODE_SIGN_IDENTITY[sdk=iphoneos*]" = "iPhone Developer";
				COPY_PHASE_STRIP = NO;
				DEBUG_INFORMATION_FORMAT = dwarf;
				ENABLE_STRICT_OBJC_MSGSEND = YES;
				ENABLE_TESTABILITY = YES;
				GCC_C_LANGUAGE_STANDARD = gnu99;
				GCC_DYNAMIC_NO_PIC = NO;
				GCC_NO_COMMON_BLOCKS = YES;
				GCC_OPTIMIZATION_LEVEL = 0;
				GCC_PREPROCESSOR_DEFINITIONS = (
					"DEBUG=1",
					"$(inherited)",
				);
				GCC_WARN_64_TO_32_BIT_CONVERSION = YES;
				GCC_WARN_ABOUT_RETURN_TYPE = YES_ERROR;
				GCC_WARN_UNDECLARED_SELECTOR = YES;
				GCC_WARN_UNINITIALIZED_AUTOS = YES_AGGRESSIVE;
				GCC_WARN_UNUSED_FUNCTION = YES;
				GCC_WARN_UNUSED_VARIABLE = YES;
				IPHONEOS_DEPLOYMENT_TARGET = 10.2;
				MTL_ENABLE_DEBUG_INFO = YES;
				ONLY_ACTIVE_ARCH = YES;
				SDKROOT = iphoneos;
				SWIFT_ACTIVE_COMPILATION_CONDITIONS = DEBUG;
				SWIFT_OPTIMIZATION_LEVEL = "-Onone";
			};
			name = Debug;
		};
		E24B10B91E7975DE008FF55B /* Release */ = {
			isa = XCBuildConfiguration;
			buildSettings = {
				ALWAYS_SEARCH_USER_PATHS = NO;
				CLANG_ANALYZER_NONNULL = YES;
				CLANG_CXX_LANGUAGE_STANDARD = "gnu++0x";
				CLANG_CXX_LIBRARY = "libc++";
				CLANG_ENABLE_MODULES = YES;
				CLANG_ENABLE_OBJC_ARC = YES;
				CLANG_WARN_BOOL_CONVERSION = YES;
				CLANG_WARN_CONSTANT_CONVERSION = YES;
				CLANG_WARN_DIRECT_OBJC_ISA_USAGE = YES_ERROR;
				CLANG_WARN_DOCUMENTATION_COMMENTS = YES;
				CLANG_WARN_EMPTY_BODY = YES;
				CLANG_WARN_ENUM_CONVERSION = YES;
				CLANG_WARN_INFINITE_RECURSION = YES;
				CLANG_WARN_INT_CONVERSION = YES;
				CLANG_WARN_OBJC_ROOT_CLASS = YES_ERROR;
				CLANG_WARN_SUSPICIOUS_MOVE = YES;
				CLANG_WARN_UNREACHABLE_CODE = YES;
				CLANG_WARN__DUPLICATE_METHOD_MATCH = YES;
				"CODE_SIGN_IDENTITY[sdk=iphoneos*]" = "iPhone Developer";
				COPY_PHASE_STRIP = NO;
				DEBUG_INFORMATION_FORMAT = "dwarf-with-dsym";
				ENABLE_NS_ASSERTIONS = NO;
				ENABLE_STRICT_OBJC_MSGSEND = YES;
				GCC_C_LANGUAGE_STANDARD = gnu99;
				GCC_NO_COMMON_BLOCKS = YES;
				GCC_WARN_64_TO_32_BIT_CONVERSION = YES;
				GCC_WARN_ABOUT_RETURN_TYPE = YES_ERROR;
				GCC_WARN_UNDECLARED_SELECTOR = YES;
				GCC_WARN_UNINITIALIZED_AUTOS = YES_AGGRESSIVE;
				GCC_WARN_UNUSED_FUNCTION = YES;
				GCC_WARN_UNUSED_VARIABLE = YES;
				IPHONEOS_DEPLOYMENT_TARGET = 10.2;
				MTL_ENABLE_DEBUG_INFO = NO;
				SDKROOT = iphoneos;
				SWIFT_OPTIMIZATION_LEVEL = "-Owholemodule";
				VALIDATE_PRODUCT = YES;
			};
			name = Release;
		};
		E24B10BB1E7975DE008FF55B /* Debug */ = {
			isa = XCBuildConfiguration;
			buildSettings = {
				ASSETCATALOG_COMPILER_APPICON_NAME = AppIcon;
				DEVELOPMENT_TEAM = WU53AL59B9;
				INFOPLIST_FILE = BookCase/Info.plist;
				LD_RUNPATH_SEARCH_PATHS = "$(inherited) @executable_path/Frameworks";
				PRODUCT_BUNDLE_IDENTIFIER = stufengrau.BookCase;
				PRODUCT_NAME = "$(TARGET_NAME)";
				SWIFT_VERSION = 3.0;
			};
			name = Debug;
		};
		E24B10BC1E7975DE008FF55B /* Release */ = {
			isa = XCBuildConfiguration;
			buildSettings = {
				ASSETCATALOG_COMPILER_APPICON_NAME = AppIcon;
				DEVELOPMENT_TEAM = WU53AL59B9;
				INFOPLIST_FILE = BookCase/Info.plist;
				LD_RUNPATH_SEARCH_PATHS = "$(inherited) @executable_path/Frameworks";
				PRODUCT_BUNDLE_IDENTIFIER = stufengrau.BookCase;
				PRODUCT_NAME = "$(TARGET_NAME)";
				SWIFT_VERSION = 3.0;
			};
			name = Release;
		};
		E2DE331C1E7FE8F000975479 /* Debug */ = {
			isa = XCBuildConfiguration;
			buildSettings = {
				DEVELOPMENT_TEAM = WU53AL59B9;
				INFOPLIST_FILE = BookCaseUITests/Info.plist;
				LD_RUNPATH_SEARCH_PATHS = "$(inherited) @executable_path/Frameworks @loader_path/Frameworks";
				PRODUCT_BUNDLE_IDENTIFIER = stufengrau.BookCaseUITests;
				PRODUCT_NAME = "$(TARGET_NAME)";
				SWIFT_VERSION = 3.0;
				TEST_TARGET_NAME = BookCase;
			};
			name = Debug;
		};
		E2DE331D1E7FE8F000975479 /* Release */ = {
			isa = XCBuildConfiguration;
			buildSettings = {
				DEVELOPMENT_TEAM = WU53AL59B9;
				INFOPLIST_FILE = BookCaseUITests/Info.plist;
				LD_RUNPATH_SEARCH_PATHS = "$(inherited) @executable_path/Frameworks @loader_path/Frameworks";
				PRODUCT_BUNDLE_IDENTIFIER = stufengrau.BookCaseUITests;
				PRODUCT_NAME = "$(TARGET_NAME)";
				SWIFT_VERSION = 3.0;
				TEST_TARGET_NAME = BookCase;
			};
			name = Release;
		};
/* End XCBuildConfiguration section */

/* Begin XCConfigurationList section */
		E24B10A31E7975DE008FF55B /* Build configuration list for PBXProject "BookCase" */ = {
			isa = XCConfigurationList;
			buildConfigurations = (
				E24B10B81E7975DE008FF55B /* Debug */,
				E24B10B91E7975DE008FF55B /* Release */,
			);
			defaultConfigurationIsVisible = 0;
			defaultConfigurationName = Release;
		};
		E24B10BA1E7975DE008FF55B /* Build configuration list for PBXNativeTarget "BookCase" */ = {
			isa = XCConfigurationList;
			buildConfigurations = (
				E24B10BB1E7975DE008FF55B /* Debug */,
				E24B10BC1E7975DE008FF55B /* Release */,
			);
			defaultConfigurationIsVisible = 0;
			defaultConfigurationName = Release;
		};
		E2DE331E1E7FE8F000975479 /* Build configuration list for PBXNativeTarget "BookCaseUITests" */ = {
			isa = XCConfigurationList;
			buildConfigurations = (
				E2DE331C1E7FE8F000975479 /* Debug */,
				E2DE331D1E7FE8F000975479 /* Release */,
			);
			defaultConfigurationIsVisible = 0;
		};
/* End XCConfigurationList section */
	};
	rootObject = E24B10A01E7975DE008FF55B /* Project object */;
}
